# THIS IS AN AUTOGENERATED FILE. DO NOT EDIT THIS FILE DIRECTLY.
# yarn lockfile v1


"@flarum/prettier-config@^1.0.0":
  version "1.0.0"
  resolved "https://registry.yarnpkg.com/@flarum/prettier-config/-/prettier-config-1.0.0.tgz#3ce431fa376994e8133e313dbe7c4ee3d3fe1a39"
  integrity sha512-3/AcliIi5jPt4i7COb5hsLv6hm4EeXT9yI9I2EuEvhPi2QR+O9Y/8wrqRuO5mDkRzCIhUY+mjIL/f9770Zwfqg==

prettier@^2.7.1:
  version "2.7.1"
  resolved "https://registry.yarnpkg.com/prettier/-/prettier-2.7.1.tgz#e235806850d057f97bb08368a4f7d899f7760c64"
  integrity sha512-ujppO+MkdPqoVINuDFDRLClm7D78qbDt0/NR+wp5FqEZOoTNAjPHWj17QRhu7geIHJfcNhRk1XVQmF8Bp3ye+g==
